{
  "name": "soba-lovers",
  "version": "1.0.0",
  "lockfileVersion": 3,
  "requires": true,
  "packages": {
    "": {
      "name": "soba-lovers",
      "version": "1.0.0",
      "license": "ISC",
      "dependencies": {
        "daisyui": "^5.0.43"
      }
    },
    "node_modules/daisyui": {
      "version": "5.0.43",
      "license": "MIT",
      "funding": {
        "url": "https://github.com/saadeghi/daisyui?sponsor=1"
      }
    }
  }
}
